PODS:
  - Flutter (1.0.0)
  - flutter_native_text_view (0.1.0):
    - Flutter

DEPENDENCIES:
  - Flutter (from `Flutter`)
  - flutter_native_text_view (from `.symlinks/plugins/flutter_native_text_view/ios`)

EXTERNAL SOURCES:
  Flutter:
    :path: Flutter
  flutter_native_text_view:
    :path: ".symlinks/plugins/flutter_native_text_view/ios"

SPEC CHECKSUMS:
  Flutter: 50d75fe2f02b26cc09d224853bb45737f8b3214a
  flutter_native_text_view: 0a07fbedd053f4ada54b7c32f03d5f65cdd593a5

PODFILE CHECKSUM: 8e679eca47255a8ca8067c4c67aab20e64cb974d

COCOAPODS: 1.10.1
